
Microsoft Visual Studio Solution File, Format Version 12.00
# Visual Studio Version 17
VisualStudioVersion = 17.5.33627.172
MinimumVisualStudioVersion = 10.0.40219.1
Project("{9A19103F-16F7-4668-BE54-9A1E7A4F7556}") = "Lab1", "Lab1\Lab1.csproj", "{192260FA-3B7C-4FC3-8840-136FF2B7F121}"
EndProject
Project("{9A19103F-16F7-4668-BE54-9A1E7A4F7556}") = "Lab3", "Lab3\Lab3.csproj", "{CA9E6EAD-7791-4FEC-BF4C-1E8ABFDB693C}"
EndProject
Project("{9A19103F-16F7-4668-BE54-9A1E7A4F7556}") = "Lab4", "Lab4\Lab4.csproj", "{35445653-80A5-423D-8B09-847D37143503}"
EndProject
Project("{9A19103F-16F7-4668-BE54-9A1E7A4F7556}") = "Lab5", "Lab5\Lab5.csproj", "{AFAFE63D-4630-4B26-A6B5-796211B16F54}"
EndProject
Project("{9A19103F-16F7-4668-BE54-9A1E7A4F7556}") = "Lab6", "Lab6\Lab6.csproj", "{31D2D78B-F403-47B5-A348-68830D6CFE1A}"
EndProject
Project("{9A19103F-16F7-4668-BE54-9A1E7A4F7556}") = "Lab2", "Lab2\Lab2.csproj", "{0F0B4654-0593-4504-A10B-E2C87279C054}"
EndProject
Project("{9A19103F-16F7-4668-BE54-9A1E7A4F7556}") = "Lab7", "Lab7\Lab7.csproj", "{480300F5-6EFD-462B-A6A2-7A53AB95621B}"
EndProject
Project("{9A19103F-16F7-4668-BE54-9A1E7A4F7556}") = "lab8", "lab8\lab8.csproj", "{1F3040E9-DE4A-4FBA-867C-37C5E74308E8}"
EndProject
Project("{9A19103F-16F7-4668-BE54-9A1E7A4F7556}") = "lab9", "lab9\lab9.csproj", "{115CED7C-582E-49B7-8D23-B65FAEAE7909}"
EndProject
Global
	GlobalSection(SolutionConfigurationPlatforms) = preSolution
		Debug|Any CPU = Debug|Any CPU
		Release|Any CPU = Release|Any CPU
	EndGlobalSection
	GlobalSection(ProjectConfigurationPlatforms) = postSolution
		{192260FA-3B7C-4FC3-8840-136FF2B7F121}.Debug|Any CPU.ActiveCfg = Debug|Any CPU
		{192260FA-3B7C-4FC3-8840-136FF2B7F121}.Debug|Any CPU.Build.0 = Debug|Any CPU
		{192260FA-3B7C-4FC3-8840-136FF2B7F121}.Release|Any CPU.ActiveCfg = Release|Any CPU
		{192260FA-3B7C-4FC3-8840-136FF2B7F121}.Release|Any CPU.Build.0 = Release|Any CPU
		{CA9E6EAD-7791-4FEC-BF4C-1E8ABFDB693C}.Debug|Any CPU.ActiveCfg = Debug|Any CPU
		{CA9E6EAD-7791-4FEC-BF4C-1E8ABFDB693C}.Debug|Any CPU.Build.0 = Debug|Any CPU
		{CA9E6EAD-7791-4FEC-BF4C-1E8ABFDB693C}.Release|Any CPU.ActiveCfg = Release|Any CPU
		{CA9E6EAD-7791-4FEC-BF4C-1E8ABFDB693C}.Release|Any CPU.Build.0 = Release|Any CPU
		{35445653-80A5-423D-8B09-847D37143503}.Debug|Any CPU.ActiveCfg = Debug|Any CPU
		{35445653-80A5-423D-8B09-847D37143503}.Debug|Any CPU.Build.0 = Debug|Any CPU
		{35445653-80A5-423D-8B09-847D37143503}.Release|Any CPU.ActiveCfg = Release|Any CPU
		{35445653-80A5-423D-8B09-847D37143503}.Release|Any CPU.Build.0 = Release|Any CPU
		{AFAFE63D-4630-4B26-A6B5-796211B16F54}.Debug|Any CPU.ActiveCfg = Debug|Any CPU
		{AFAFE63D-4630-4B26-A6B5-796211B16F54}.Debug|Any CPU.Build.0 = Debug|Any CPU
		{AFAFE63D-4630-4B26-A6B5-796211B16F54}.Release|Any CPU.ActiveCfg = Release|Any CPU
		{AFAFE63D-4630-4B26-A6B5-796211B16F54}.Release|Any CPU.Build.0 = Release|Any CPU
		{31D2D78B-F403-47B5-A348-68830D6CFE1A}.Debug|Any CPU.ActiveCfg = Debug|Any CPU
		{31D2D78B-F403-47B5-A348-68830D6CFE1A}.Debug|Any CPU.Build.0 = Debug|Any CPU
		{31D2D78B-F403-47B5-A348-68830D6CFE1A}.Release|Any CPU.ActiveCfg = Release|Any CPU
		{31D2D78B-F403-47B5-A348-68830D6CFE1A}.Release|Any CPU.Build.0 = Release|Any CPU
		{0F0B4654-0593-4504-A10B-E2C87279C054}.Debug|Any CPU.ActiveCfg = Debug|Any CPU
		{0F0B4654-0593-4504-A10B-E2C87279C054}.Debug|Any CPU.Build.0 = Debug|Any CPU
		{0F0B4654-0593-4504-A10B-E2C87279C054}.Release|Any CPU.ActiveCfg = Release|Any CPU
		{0F0B4654-0593-4504-A10B-E2C87279C054}.Release|Any CPU.Build.0 = Release|Any CPU
		{480300F5-6EFD-462B-A6A2-7A53AB95621B}.Debug|Any CPU.ActiveCfg = Debug|Any CPU
		{480300F5-6EFD-462B-A6A2-7A53AB95621B}.Debug|Any CPU.Build.0 = Debug|Any CPU
		{480300F5-6EFD-462B-A6A2-7A53AB95621B}.Release|Any CPU.ActiveCfg = Release|Any CPU
		{480300F5-6EFD-462B-A6A2-7A53AB95621B}.Release|Any CPU.Build.0 = Release|Any CPU
		{1F3040E9-DE4A-4FBA-867C-37C5E74308E8}.Debug|Any CPU.ActiveCfg = Debug|Any CPU
		{1F3040E9-DE4A-4FBA-867C-37C5E74308E8}.Debug|Any CPU.Build.0 = Debug|Any CPU
		{1F3040E9-DE4A-4FBA-867C-37C5E74308E8}.Release|Any CPU.ActiveCfg = Release|Any CPU
		{1F3040E9-DE4A-4FBA-867C-37C5E74308E8}.Release|Any CPU.Build.0 = Release|Any CPU
		{115CED7C-582E-49B7-8D23-B65FAEAE7909}.Debug|Any CPU.ActiveCfg = Debug|Any CPU
		{115CED7C-582E-49B7-8D23-B65FAEAE7909}.Debug|Any CPU.Build.0 = Debug|Any CPU
		{115CED7C-582E-49B7-8D23-B65FAEAE7909}.Release|Any CPU.ActiveCfg = Release|Any CPU
		{115CED7C-582E-49B7-8D23-B65FAEAE7909}.Release|Any CPU.Build.0 = Release|Any CPU
	EndGlobalSection
	GlobalSection(SolutionProperties) = preSolution
		HideSolutionNode = FALSE
	EndGlobalSection
	GlobalSection(ExtensibilityGlobals) = postSolution
		SolutionGuid = {3C9888F8-AFBE-45EC-BCCF-E206D32DCBE8}
	EndGlobalSection
EndGlobal
